{
  "nodes": {
    "home-manager": {
      "inputs": {
        "nixpkgs": [
          "nixpkgs"
        ]
      },
      "locked": {
        "lastModified": 1726209430,
        "narHash": "sha256-ski2Is3VGChR1LR5U8qw8mqNfl5FDPCCAOsz2RrvJCE=",
        "owner": "nix-community",
        "repo": "home-manager",
        "rev": "c82fc8cf3f75e667ad9dd3e5df721119b63723b3",
        "type": "github"
      },
      "original": {
        "owner": "nix-community",
        "repo": "home-manager",
        "type": "github"
      }
    },
    "impermanence": {
      "locked": {
        "lastModified": 1725690722,
        "narHash": "sha256-4qWg9sNh5g1qPGO6d/GV2ktY+eDikkBTbWSg5/iD2nY=",
        "owner": "Nix-community",
        "repo": "impermanence",
        "rev": "63f4d0443e32b0dd7189001ee1894066765d18a5",
        "type": "github"
      },
      "original": {
        "owner": "Nix-community",
        "repo": "impermanence",
        "type": "github"
      }
    },
    "mysecrets": {
      "flake": false,
      "locked": {
        "lastModified": 1728085722,
        "narHash": "sha256-VraC3SM2XFZz2cp6Vbbr/qi4XYwuf6mFFiWWI2XtRyo=",
        "ref": "main",
        "rev": "be20524f47a6f6d8d67df1f629399eaf76b7bc79",
        "shallow": true,
        "type": "git",
        "url": "ssh://git@gitea.com/luckysori/nix-secrets.git"
      },
      "original": {
        "ref": "main",
        "shallow": true,
        "type": "git",
        "url": "ssh://git@gitea.com/luckysori/nix-secrets.git"
      }
    },
    "nixos-hardware": {
      "locked": {
        "lastModified": 1726454253,
        "narHash": "sha256-ikQs0QZGmCfk5cJ2N5nTT6oULMvWgxN6ebk4WsOq9io=",
        "owner": "NixOS",
        "repo": "nixos-hardware",
        "rev": "b9ab7e57c5d1d456cdeef252d345f3bca9c55851",
        "type": "github"
      },
      "original": {
        "owner": "NixOS",
        "ref": "master",
        "repo": "nixos-hardware",
        "type": "github"
      }
    },
    "nixpkgs": {
      "locked": {
        "lastModified": 1725983898,
        "narHash": "sha256-4b3A9zPpxAxLnkF9MawJNHDtOOl6ruL0r6Og1TEDGCE=",
        "owner": "NixOS",
        "repo": "nixpkgs",
        "rev": "1355a0cbfeac61d785b7183c0caaec1f97361b43",
        "type": "github"
      },
      "original": {
        "owner": "NixOS",
        "ref": "nixos-unstable",
        "repo": "nixpkgs",
        "type": "github"
      }
    },
    "nixpkgs-stable": {
      "locked": {
        "lastModified": 1725930920,
        "narHash": "sha256-RVhD9hnlTT2nJzPHlAqrWqCkA7T6CYrP41IoVRkciZM=",
        "owner": "NixOS",
        "repo": "nixpkgs",
        "rev": "44a71ff39c182edaf25a7ace5c9454e7cba2c658",
        "type": "github"
      },
      "original": {
        "owner": "NixOS",
        "ref": "nixos-24.05",
        "repo": "nixpkgs",
        "type": "github"
      }
    },
    "nixpkgs-stable_2": {
      "locked": {
        "lastModified": 1725762081,
        "narHash": "sha256-vNv+aJUW5/YurRy1ocfvs4q/48yVESwlC/yHzjkZSP8=",
        "owner": "NixOS",
        "repo": "nixpkgs",
        "rev": "dc454045f5b5d814e5862a6d057e7bb5c29edc05",
        "type": "github"
      },
      "original": {
        "owner": "NixOS",
        "ref": "release-24.05",
        "repo": "nixpkgs",
        "type": "github"
      }
    },
    "nixpkgs_2": {
      "locked": {
        "lastModified": 1726481836,
        "narHash": "sha256-MWTBH4dd5zIz2iatDb8IkqSjIeFum9jAqkFxgHLdzO4=",
        "owner": "nixos",
        "repo": "nixpkgs",
        "rev": "20f9370d5f588fb8c72e844c54511cab054b5f40",
        "type": "github"
      },
      "original": {
        "owner": "nixos",
        "ref": "nixpkgs-unstable",
        "repo": "nixpkgs",
        "type": "github"
      }
    },
    "root": {
      "inputs": {
        "home-manager": "home-manager",
        "impermanence": "impermanence",
        "mysecrets": "mysecrets",
        "nixos-hardware": "nixos-hardware",
        "nixpkgs": "nixpkgs",
        "nixpkgs-stable": "nixpkgs-stable",
        "rust-overlay": "rust-overlay",
        "sops-nix": "sops-nix",
        "systems": "systems",
        "treefmt-nix": "treefmt-nix",
        "valheim-server": "valheim-server"
      }
    },
    "rust-overlay": {
      "inputs": {
        "nixpkgs": [
          "nixpkgs"
        ]
      },
      "locked": {
        "lastModified": 1727058553,
        "narHash": "sha256-tY/UU3Qk5gP/J0uUM4DZ6wo4arNLGAVqLKBotILykfQ=",
        "owner": "oxalica",
        "repo": "rust-overlay",
        "rev": "edc5b0f896170f07bd39ad59d6186fcc7859bbb2",
        "type": "github"
      },
      "original": {
        "owner": "oxalica",
        "repo": "rust-overlay",
        "type": "github"
      }
    },
    "sops-nix": {
      "inputs": {
        "nixpkgs": [
          "nixpkgs-stable"
        ],
        "nixpkgs-stable": "nixpkgs-stable_2"
      },
      "locked": {
        "lastModified": 1725922448,
        "narHash": "sha256-ruvh8tlEflRPifs5tlpa0gkttzq4UtgXkJQS7FusgFE=",
        "owner": "Mic92",
        "repo": "sops-nix",
        "rev": "cede1a08039178ac12957733e97ab1006c6b6892",
        "type": "github"
      },
      "original": {
        "owner": "Mic92",
        "repo": "sops-nix",
        "type": "github"
      }
    },
    "steam-fetcher": {
      "inputs": {
        "nixpkgs": [
          "valheim-server",
          "nixpkgs"
        ]
      },
      "locked": {
        "lastModified": 1714795926,
        "narHash": "sha256-PkgC9jqoN6cJ8XYzTA2PlrWs7aPJkM3BGiTxNqax0cA=",
        "owner": "nix-community",
        "repo": "steam-fetcher",
        "rev": "12f66eafb7862d91b3e30c14035f96a21941bd9c",
        "type": "github"
      },
      "original": {
        "owner": "nix-community",
        "repo": "steam-fetcher",
        "type": "github"
      }
    },
    "systems": {
      "locked": {
        "lastModified": 1681028828,
        "narHash": "sha256-Vy1rq5AaRuLzOxct8nz4T6wlgyUR7zLU309k9mBC768=",
        "owner": "nix-systems",
        "repo": "default",
        "rev": "da67096a3b9bf56a91d16901293e51ba5b49a27e",
        "type": "github"
      },
      "original": {
        "id": "systems",
        "type": "indirect"
      }
    },
    "treefmt-nix": {
      "inputs": {
        "nixpkgs": "nixpkgs_2"
      },
      "locked": {
        "lastModified": 1726734507,
        "narHash": "sha256-VUH5O5AcOSxb0uL/m34dDkxFKP6WLQ6y4I1B4+N3L2w=",
        "owner": "numtide",
        "repo": "treefmt-nix",
        "rev": "ee41a466c2255a3abe6bc50fc6be927cdee57a9f",
        "type": "github"
      },
      "original": {
        "owner": "numtide",
        "repo": "treefmt-nix",
        "type": "github"
      }
    },
    "valheim-server": {
      "inputs": {
        "nixpkgs": [
          "nixpkgs-stable"
        ],
        "steam-fetcher": "steam-fetcher"
      },
      "locked": {
        "lastModified": 1724824251,
        "narHash": "sha256-T7z3L+bvCkYZ080oNi013wwhv+NVsy66dPRyAAZ4kcY=",
        "owner": "aidalgol",
        "repo": "valheim-server-flake",
        "rev": "d19d11d72c075e972b357dfe80347bbad36a76c1",
        "type": "github"
      },
      "original": {
        "owner": "aidalgol",
        "repo": "valheim-server-flake",
        "type": "github"
      }
    }
  },
  "root": "root",
  "version": 7
}
